// !$*UTF8*$!
{
	archiveVersion = 1;
	classes = {
	};
	objectVersion = 46;
	objects = {

/* Begin PBXAggregateTarget section */
		7883E4FFDA09455A826F4348 /* ALL_BUILD */ = {
			isa = PBXAggregateTarget;
			buildConfigurationList = EEB9D96C927E497A92DD4ADF /* Build configuration list for PBXAggregateTarget "ALL_BUILD" */;
			buildPhases = (
				64006BE158E830F354D12F8F /* Generate CMakeFiles/ALL_BUILD */,
			);
			dependencies = (
				2C391C0FBFAB46A58763F4ED /* PBXTargetDependency */,
				D26338A5A3AF42DF998D55AB /* PBXTargetDependency */,
			);
			name = ALL_BUILD;
			productName = ALL_BUILD;
		};
		9E5677DFDD274547B9AAADC7 /* ZERO_CHECK */ = {
			isa = PBXAggregateTarget;
			buildConfigurationList = 1279E54DEF6142DAA5FB8E88 /* Build configuration list for PBXAggregateTarget "ZERO_CHECK" */;
			buildPhases = (
				99DC590F6E39B7B3A7F4F685 /* Generate CMakeFiles/ZERO_CHECK */,
			);
			dependencies = (
			);
			name = ZERO_CHECK;
			productName = ZERO_CHECK;
		};
		CC2FBA9851724256B6612B79 /* install */ = {
			isa = PBXAggregateTarget;
			buildConfigurationList = F2B4C7A4B3CC48048AB6A550 /* Build configuration list for PBXAggregateTarget "install" */;
			buildPhases = (
				93426DA6A4AC2C2AC9CE883C /* CMake PostBuild Rules */,
			);
			dependencies = (
				82A6864D081340E08CE38EE5 /* PBXTargetDependency */,
			);
			name = install;
			productName = install;
		};
/* End PBXAggregateTarget section */

/* Begin PBXBuildFile section */
		506141EAE03F4493ABE3934E /* /Users/vikramrajpurohit/Documents/Comms/Project/CMakeLists.txt */ = {isa = PBXBuildFile; fileRef = B3ACE4D4D2C8478E90F3778E /* /Users/vikramrajpurohit/Documents/Comms/Project/CMakeLists.txt */; };
		9B4FB296CAFA4ABE98E8ADF9 /* /Users/vikramrajpurohit/Documents/Comms/Project/main.cpp */ = {isa = PBXBuildFile; fileRef = E40044CF732C4AA1B1FAA7DC /* /Users/vikramrajpurohit/Documents/Comms/Project/main.cpp */; };
/* End PBXBuildFile section */

/* Begin PBXBuildStyle section */
		009A8C9CBB484ED68407F776 /* RelWithDebInfo */ = {
			isa = PBXBuildStyle;
			buildSettings = {
				COPY_PHASE_STRIP = NO;
			};
			name = RelWithDebInfo;
		};
		119EE3A5045F4B21B46849A6 /* MinSizeRel */ = {
			isa = PBXBuildStyle;
			buildSettings = {
				COPY_PHASE_STRIP = NO;
			};
			name = MinSizeRel;
		};
		A62B0719C4C5452CBDC91A54 /* Debug */ = {
			isa = PBXBuildStyle;
			buildSettings = {
				COPY_PHASE_STRIP = NO;
			};
			name = Debug;
		};
		BE798EE2CA5344E2A935A021 /* Release */ = {
			isa = PBXBuildStyle;
			buildSettings = {
				COPY_PHASE_STRIP = NO;
			};
			name = Release;
		};
/* End PBXBuildStyle section */

/* Begin PBXContainerItemProxy section */
		28474329C7824FE9BEB6FB5F /* PBXContainerItemProxy */ = {
			isa = PBXContainerItemProxy;
			containerPortal = 0D09459FDE3B487595A58C4D /* Project object */;
			proxyType = 1;
			remoteGlobalIDString = 9E5677DFDD274547B9AAADC7;
			remoteInfo = ZERO_CHECK;
		};
		37245CD0B2AE4E7194A7DDF9 /* PBXContainerItemProxy */ = {
			isa = PBXContainerItemProxy;
			containerPortal = 0D09459FDE3B487595A58C4D /* Project object */;
			proxyType = 1;
			remoteGlobalIDString = 7883E4FFDA09455A826F4348;
			remoteInfo = ALL_BUILD;
		};
		487B689365294046B933CF94 /* PBXContainerItemProxy */ = {
			isa = PBXContainerItemProxy;
			containerPortal = 0D09459FDE3B487595A58C4D /* Project object */;
			proxyType = 1;
			remoteGlobalIDString = 9E5677DFDD274547B9AAADC7;
			remoteInfo = ZERO_CHECK;
		};
		A224843BD5F94337848714CD /* PBXContainerItemProxy */ = {
			isa = PBXContainerItemProxy;
			containerPortal = 0D09459FDE3B487595A58C4D /* Project object */;
			proxyType = 1;
			remoteGlobalIDString = 8047DB0BE7D84AC2AB3DEDF9;
			remoteInfo = app_project;
		};
/* End PBXContainerItemProxy section */

/* Begin PBXFileReference section */
		0125AE34F8F34DE5A8135509 /* app_project */ = {isa = PBXFileReference; explicitFileType = "compiled.mach-o.executable"; path = app_project; sourceTree = BUILT_PRODUCTS_DIR; };
		B3ACE4D4D2C8478E90F3778E /* /Users/vikramrajpurohit/Documents/Comms/Project/CMakeLists.txt */ = {isa = PBXFileReference; explicitFileType = sourcecode.text; fileEncoding = 4; name = CMakeLists.txt; path = CMakeLists.txt; sourceTree = SOURCE_ROOT; };
		E40044CF732C4AA1B1FAA7DC /* /Users/vikramrajpurohit/Documents/Comms/Project/main.cpp */ = {isa = PBXFileReference; explicitFileType = sourcecode.cpp.cpp; fileEncoding = 4; name = main.cpp; path = main.cpp; sourceTree = SOURCE_ROOT; };
		EB538C71F8AD40B29512D867 /* /Users/vikramrajpurohit/Documents/Comms/Project/CMakeLists.txt */ = {isa = PBXFileReference; explicitFileType = sourcecode.text; fileEncoding = 4; name = CMakeLists.txt; path = CMakeLists.txt; sourceTree = SOURCE_ROOT; };
/* End PBXFileReference section */

/* Begin PBXFrameworksBuildPhase section */
		E6BA14ADF9A94811AEBF20F0 /* Frameworks */ = {
			isa = PBXFrameworksBuildPhase;
			buildActionMask = 2147483647;
			files = (
			);
			runOnlyForDeploymentPostprocessing = 0;
		};
/* End PBXFrameworksBuildPhase section */

/* Begin PBXGroup section */
		7937146E371C4A82BD06A72A /* Products */ = {
			isa = PBXGroup;
			children = (
				0125AE34F8F34DE5A8135509 /* app_project */,
			);
			name = Products;
			sourceTree = "<group>";
		};
		B96BA3C833844039A248E193 /* Frameworks */ = {
			isa = PBXGroup;
			children = (
			);
			name = Frameworks;
			sourceTree = "<group>";
		};
		C295637A670D4A7FA9D7D7F3 /* ALL_BUILD */ = {
			isa = PBXGroup;
			children = (
				E4BEB291F6104892B703E9FD /* CMake Rules */,
				EB538C71F8AD40B29512D867 /* /Users/vikramrajpurohit/Documents/Comms/Project/CMakeLists.txt */,
			);
			name = ALL_BUILD;
			sourceTree = "<group>";
		};
		C9C4F6A3A3A84508AA788FAB /* Source Files */ = {
			isa = PBXGroup;
			children = (
				E40044CF732C4AA1B1FAA7DC /* /Users/vikramrajpurohit/Documents/Comms/Project/main.cpp */,
			);
			name = "Source Files";
			sourceTree = "<group>";
		};
		CD87D4DA352F487AA970B1B1 = {
			isa = PBXGroup;
			children = (
				CE2CD1E5C28D4D02AFB9BA02 /* app_project */,
				C295637A670D4A7FA9D7D7F3 /* ALL_BUILD */,
				7937146E371C4A82BD06A72A /* Products */,
				B96BA3C833844039A248E193 /* Frameworks */,
			);
			sourceTree = "<group>";
		};
		CE2CD1E5C28D4D02AFB9BA02 /* app_project */ = {
			isa = PBXGroup;
			children = (
				C9C4F6A3A3A84508AA788FAB /* Source Files */,
				B3ACE4D4D2C8478E90F3778E /* /Users/vikramrajpurohit/Documents/Comms/Project/CMakeLists.txt */,
			);
			name = app_project;
			sourceTree = "<group>";
		};
		E4BEB291F6104892B703E9FD /* CMake Rules */ = {
			isa = PBXGroup;
			children = (
			);
			name = "CMake Rules";
			sourceTree = "<group>";
		};
/* End PBXGroup section */

/* Begin PBXNativeTarget section */
		8047DB0BE7D84AC2AB3DEDF9 /* app_project */ = {
			isa = PBXNativeTarget;
			buildConfigurationList = 96D8EFF2FAC04C0386A2275E /* Build configuration list for PBXNativeTarget "app_project" */;
			buildPhases = (
				2E3C4D88695648BEA07329BC /* Sources */,
				E6BA14ADF9A94811AEBF20F0 /* Frameworks */,
			);
			buildRules = (
			);
			dependencies = (
				2970720B616F48DD97BA147E /* PBXTargetDependency */,
			);
			name = app_project;
			productName = app_project;
			productReference = 0125AE34F8F34DE5A8135509 /* app_project */;
			productType = "com.apple.product-type.tool";
		};
/* End PBXNativeTarget section */

/* Begin PBXProject section */
		0D09459FDE3B487595A58C4D /* Project object */ = {
			isa = PBXProject;
			attributes = {
				BuildIndependentTargetsInParallel = YES;
				LastUpgradeCheck = 1500;
			};
			buildConfigurationList = E11BD9BE91E84C55A4E227A8 /* Build configuration list for PBXProject "app_project" */;
			buildSettings = {
			};
			buildStyles = (
				A62B0719C4C5452CBDC91A54 /* Debug */,
				BE798EE2CA5344E2A935A021 /* Release */,
				119EE3A5045F4B21B46849A6 /* MinSizeRel */,
				009A8C9CBB484ED68407F776 /* RelWithDebInfo */,
			);
			compatibilityVersion = "Xcode 3.2";
			hasScannedForEncodings = 0;
			mainGroup = CD87D4DA352F487AA970B1B1;
			projectDirPath = .;
			projectRoot = "";
			targets = (
				7883E4FFDA09455A826F4348 /* ALL_BUILD */,
				9E5677DFDD274547B9AAADC7 /* ZERO_CHECK */,
				8047DB0BE7D84AC2AB3DEDF9 /* app_project */,
				CC2FBA9851724256B6612B79 /* install */,
			);
		};
/* End PBXProject section */

/* Begin PBXShellScriptBuildPhase section */
		3C0110FC8322DE7E50886E21 = {
			isa = PBXShellScriptBuildPhase;
			buildActionMask = 2147483647;
			files = (
			);
			inputPaths = (
			);
			outputPaths = (
			);
			runOnlyForDeploymentPostprocessing = 0;
			shellPath = /bin/sh;
			shellScript = "# shell script goes here
exit 0";
			showEnvVarsInLog = 0;
		};
		64006BE158E830F354D12F8F /* Generate CMakeFiles/ALL_BUILD */ = {
			isa = PBXShellScriptBuildPhase;
			alwaysOutOfDate = 1;
			buildActionMask = 2147483647;
			files = (
			);
			inputPaths = (
			);
			name = "Generate CMakeFiles/ALL_BUILD";
			outputPaths = (
/Users/vikramrajpurohit/Documents/Comms/Project/CMakeFiles/ALL_BUILD			);
			runOnlyForDeploymentPostprocessing = 0;
			shellPath = /bin/sh;
			shellScript = "set -e
if test \"$CONFIGURATION\" = \"Debug\"; then :
  cd /Users/vikramrajpurohit/Documents/Comms/Project
  echo Build\\ all\\ projects
fi
if test \"$CONFIGURATION\" = \"Release\"; then :
  cd /Users/vikramrajpurohit/Documents/Comms/Project
  echo Build\\ all\\ projects
fi
if test \"$CONFIGURATION\" = \"MinSizeRel\"; then :
  cd /Users/vikramrajpurohit/Documents/Comms/Project
  echo Build\\ all\\ projects
fi
if test \"$CONFIGURATION\" = \"RelWithDebInfo\"; then :
  cd /Users/vikramrajpurohit/Documents/Comms/Project
  echo Build\\ all\\ projects
fi
";
			showEnvVarsInLog = 0;
		};
		87AF4882E018677E2624B544 = {
			isa = PBXShellScriptBuildPhase;
			buildActionMask = 2147483647;
			files = (
			);
			inputPaths = (
			);
			outputPaths = (
			);
			runOnlyForDeploymentPostprocessing = 0;
			shellPath = /bin/sh;
			shellScript = "# shell script goes here
exit 0";
			showEnvVarsInLog = 0;
		};
		93426DA6A4AC2C2AC9CE883C /* CMake PostBuild Rules */ = {
			isa = PBXShellScriptBuildPhase;
			alwaysOutOfDate = 1;
			buildActionMask = 2147483647;
			files = (
			);
			name = "CMake PostBuild Rules";
			outputPaths = (
			);
			runOnlyForDeploymentPostprocessing = 0;
			shellPath = /bin/sh;
			shellScript = "set -e
if test \"$CONFIGURATION\" = \"Debug\"; then :
  cd /Users/vikramrajpurohit/Documents/Comms/Project
  /usr/local/Cellar/cmake/3.24.1/bin/cmake -DBUILD_TYPE=$CONFIGURATION$EFFECTIVE_PLATFORM_NAME -P cmake_install.cmake
fi
if test \"$CONFIGURATION\" = \"Release\"; then :
  cd /Users/vikramrajpurohit/Documents/Comms/Project
  /usr/local/Cellar/cmake/3.24.1/bin/cmake -DBUILD_TYPE=$CONFIGURATION$EFFECTIVE_PLATFORM_NAME -P cmake_install.cmake
fi
if test \"$CONFIGURATION\" = \"MinSizeRel\"; then :
  cd /Users/vikramrajpurohit/Documents/Comms/Project
  /usr/local/Cellar/cmake/3.24.1/bin/cmake -DBUILD_TYPE=$CONFIGURATION$EFFECTIVE_PLATFORM_NAME -P cmake_install.cmake
fi
if test \"$CONFIGURATION\" = \"RelWithDebInfo\"; then :
  cd /Users/vikramrajpurohit/Documents/Comms/Project
  /usr/local/Cellar/cmake/3.24.1/bin/cmake -DBUILD_TYPE=$CONFIGURATION$EFFECTIVE_PLATFORM_NAME -P cmake_install.cmake
fi
";
			showEnvVarsInLog = 0;
		};
		99DC590F6E39B7B3A7F4F685 /* Generate CMakeFiles/ZERO_CHECK */ = {
			isa = PBXShellScriptBuildPhase;
			alwaysOutOfDate = 1;
			buildActionMask = 2147483647;
			files = (
			);
			inputPaths = (
			);
			name = "Generate CMakeFiles/ZERO_CHECK";
			outputPaths = (
/Users/vikramrajpurohit/Documents/Comms/Project/CMakeFiles/ZERO_CHECK			);
			runOnlyForDeploymentPostprocessing = 0;
			shellPath = /bin/sh;
			shellScript = "set -e
if test \"$CONFIGURATION\" = \"Debug\"; then :
  cd /Users/vikramrajpurohit/Documents/Comms/Project
  make -f /Users/vikramrajpurohit/Documents/Comms/Project/CMakeScripts/ReRunCMake.make
fi
if test \"$CONFIGURATION\" = \"Release\"; then :
  cd /Users/vikramrajpurohit/Documents/Comms/Project
  make -f /Users/vikramrajpurohit/Documents/Comms/Project/CMakeScripts/ReRunCMake.make
fi
if test \"$CONFIGURATION\" = \"MinSizeRel\"; then :
  cd /Users/vikramrajpurohit/Documents/Comms/Project
  make -f /Users/vikramrajpurohit/Documents/Comms/Project/CMakeScripts/ReRunCMake.make
fi
if test \"$CONFIGURATION\" = \"RelWithDebInfo\"; then :
  cd /Users/vikramrajpurohit/Documents/Comms/Project
  make -f /Users/vikramrajpurohit/Documents/Comms/Project/CMakeScripts/ReRunCMake.make
fi
";
			showEnvVarsInLog = 0;
		};
		9B50530E35CC49C82C2FACCF = {
			isa = PBXShellScriptBuildPhase;
			buildActionMask = 2147483647;
			files = (
			);
			inputPaths = (
			);
			outputPaths = (
			);
			runOnlyForDeploymentPostprocessing = 0;
			shellPath = /bin/sh;
			shellScript = "# shell script goes here
exit 0";
			showEnvVarsInLog = 0;
		};
/* End PBXShellScriptBuildPhase section */

/* Begin PBXSourcesBuildPhase section */
		2E3C4D88695648BEA07329BC /* Sources */ = {
			isa = PBXSourcesBuildPhase;
			buildActionMask = 2147483647;
			files = (
				9B4FB296CAFA4ABE98E8ADF9 /* /Users/vikramrajpurohit/Documents/Comms/Project/main.cpp */,
			);
			runOnlyForDeploymentPostprocessing = 0;
		};
/* End PBXSourcesBuildPhase section */

/* Begin PBXTargetDependency section */
		2970720B616F48DD97BA147E /* PBXTargetDependency */ = {
			isa = PBXTargetDependency;
			target = 9E5677DFDD274547B9AAADC7 /* ZERO_CHECK */;
			targetProxy = 487B689365294046B933CF94 /* PBXContainerItemProxy */;
		};
		2C391C0FBFAB46A58763F4ED /* PBXTargetDependency */ = {
			isa = PBXTargetDependency;
			target = 8047DB0BE7D84AC2AB3DEDF9 /* app_project */;
			targetProxy = A224843BD5F94337848714CD /* PBXContainerItemProxy */;
		};
		82A6864D081340E08CE38EE5 /* PBXTargetDependency */ = {
			isa = PBXTargetDependency;
			target = 7883E4FFDA09455A826F4348 /* ALL_BUILD */;
			targetProxy = 37245CD0B2AE4E7194A7DDF9 /* PBXContainerItemProxy */;
		};
		D26338A5A3AF42DF998D55AB /* PBXTargetDependency */ = {
			isa = PBXTargetDependency;
			target = 9E5677DFDD274547B9AAADC7 /* ZERO_CHECK */;
			targetProxy = 28474329C7824FE9BEB6FB5F /* PBXContainerItemProxy */;
		};
/* End PBXTargetDependency section */

/* Begin XCBuildConfiguration section */
		0D533D23D2184D8AA7789D17 /* Release */ = {
			isa = XCBuildConfiguration;
			buildSettings = {
				ARCHS = x86_64;
				COMBINE_HIDPI_IMAGES = YES;
				EXECUTABLE_PREFIX = "";
				EXECUTABLE_SUFFIX = "";
				GCC_GENERATE_DEBUGGING_SYMBOLS = NO;
				GCC_INLINES_ARE_PRIVATE_EXTERN = NO;
				GCC_OPTIMIZATION_LEVEL = 3;
				GCC_PREPROCESSOR_DEFINITIONS = ("'CMAKE_INTDIR=\"$(CONFIGURATION)$(EFFECTIVE_PLATFORM_NAME)\"'","$(inherited)");
				GCC_SYMBOLS_PRIVATE_EXTERN = NO;
				INSTALL_PATH = "";
				ONLY_ACTIVE_ARCH = NO;
				OTHER_CPLUSPLUSFLAGS = "    -DNDEBUG ";
				OTHER_LDFLAGS = (" -Wl,-search_paths_first -Wl,-headerpad_max_install_names","$(inherited)");
				OTHER_REZFLAGS = "";
				PRODUCT_NAME = app_project;
				SECTORDER_FLAGS = "";
				SYMROOT = /Users/vikramrajpurohit/Documents/Comms/Project;
				USE_HEADERMAP = NO;
				WARNING_CFLAGS = ("$(inherited)");
			};
			name = Release;
		};
		1AE17A9B8B354A3CAE07B416 /* Debug */ = {
			isa = XCBuildConfiguration;
			buildSettings = {
				ARCHS = x86_64;
				COMBINE_HIDPI_IMAGES = YES;
				GCC_GENERATE_DEBUGGING_SYMBOLS = YES;
				GCC_INLINES_ARE_PRIVATE_EXTERN = NO;
				GCC_OPTIMIZATION_LEVEL = 0;
				GCC_PREPROCESSOR_DEFINITIONS = ("'CMAKE_INTDIR=\"$(CONFIGURATION)$(EFFECTIVE_PLATFORM_NAME)\"'","$(inherited)");
				GCC_SYMBOLS_PRIVATE_EXTERN = NO;
				INSTALL_PATH = "";
				ONLY_ACTIVE_ARCH = NO;
				OTHER_LDFLAGS = ("","$(inherited)");
				OTHER_REZFLAGS = "";
				PRODUCT_NAME = ZERO_CHECK;
				SECTORDER_FLAGS = "";
				SYMROOT = /Users/vikramrajpurohit/Documents/Comms/Project;
				USE_HEADERMAP = NO;
				WARNING_CFLAGS = ("$(inherited)");
			};
			name = Debug;
		};
		2AA6E54BB9B646059735223E /* Release */ = {
			isa = XCBuildConfiguration;
			buildSettings = {
				ARCHS = x86_64;
				COMBINE_HIDPI_IMAGES = YES;
				GCC_GENERATE_DEBUGGING_SYMBOLS = YES;
				GCC_INLINES_ARE_PRIVATE_EXTERN = NO;
				GCC_OPTIMIZATION_LEVEL = 0;
				GCC_PREPROCESSOR_DEFINITIONS = ("'CMAKE_INTDIR=\"$(CONFIGURATION)$(EFFECTIVE_PLATFORM_NAME)\"'","$(inherited)");
				GCC_SYMBOLS_PRIVATE_EXTERN = NO;
				INSTALL_PATH = "";
				ONLY_ACTIVE_ARCH = NO;
				OTHER_LDFLAGS = ("","$(inherited)");
				OTHER_REZFLAGS = "";
				PRODUCT_NAME = install;
				SECTORDER_FLAGS = "";
				SYMROOT = /Users/vikramrajpurohit/Documents/Comms/Project;
				USE_HEADERMAP = NO;
				WARNING_CFLAGS = ("$(inherited)");
			};
			name = Release;
		};
		2DADA8592E0446E2B281879D /* RelWithDebInfo */ = {
			isa = XCBuildConfiguration;
			buildSettings = {
				ARCHS = x86_64;
				COMBINE_HIDPI_IMAGES = YES;
				GCC_GENERATE_DEBUGGING_SYMBOLS = YES;
				GCC_INLINES_ARE_PRIVATE_EXTERN = NO;
				GCC_OPTIMIZATION_LEVEL = 0;
				GCC_PREPROCESSOR_DEFINITIONS = ("'CMAKE_INTDIR=\"$(CONFIGURATION)$(EFFECTIVE_PLATFORM_NAME)\"'","$(inherited)");
				GCC_SYMBOLS_PRIVATE_EXTERN = NO;
				INSTALL_PATH = "";
				ONLY_ACTIVE_ARCH = NO;
				OTHER_LDFLAGS = ("","$(inherited)");
				OTHER_REZFLAGS = "";
				PRODUCT_NAME = ZERO_CHECK;
				SECTORDER_FLAGS = "";
				SYMROOT = /Users/vikramrajpurohit/Documents/Comms/Project;
				USE_HEADERMAP = NO;
				WARNING_CFLAGS = ("$(inherited)");
			};
			name = RelWithDebInfo;
		};
		3695F5BAFFA74E83A4FD129D /* Debug */ = {
			isa = XCBuildConfiguration;
			buildSettings = {
				ARCHS = x86_64;
				COMBINE_HIDPI_IMAGES = YES;
				GCC_GENERATE_DEBUGGING_SYMBOLS = YES;
				GCC_INLINES_ARE_PRIVATE_EXTERN = NO;
				GCC_OPTIMIZATION_LEVEL = 0;
				GCC_PREPROCESSOR_DEFINITIONS = ("'CMAKE_INTDIR=\"$(CONFIGURATION)$(EFFECTIVE_PLATFORM_NAME)\"'","$(inherited)");
				GCC_SYMBOLS_PRIVATE_EXTERN = NO;
				INSTALL_PATH = "";
				ONLY_ACTIVE_ARCH = NO;
				OTHER_LDFLAGS = ("","$(inherited)");
				OTHER_REZFLAGS = "";
				PRODUCT_NAME = install;
				SECTORDER_FLAGS = "";
				SYMROOT = /Users/vikramrajpurohit/Documents/Comms/Project;
				USE_HEADERMAP = NO;
				WARNING_CFLAGS = ("$(inherited)");
			};
			name = Debug;
		};
		4427EC82CA94463585830A25 /* RelWithDebInfo */ = {
			isa = XCBuildConfiguration;
			buildSettings = {
				ARCHS = x86_64;
				COMBINE_HIDPI_IMAGES = YES;
				EXECUTABLE_PREFIX = "";
				EXECUTABLE_SUFFIX = "";
				GCC_GENERATE_DEBUGGING_SYMBOLS = YES;
				GCC_INLINES_ARE_PRIVATE_EXTERN = NO;
				GCC_OPTIMIZATION_LEVEL = 2;
				GCC_PREPROCESSOR_DEFINITIONS = ("'CMAKE_INTDIR=\"$(CONFIGURATION)$(EFFECTIVE_PLATFORM_NAME)\"'","$(inherited)");
				GCC_SYMBOLS_PRIVATE_EXTERN = NO;
				INSTALL_PATH = "";
				ONLY_ACTIVE_ARCH = NO;
				OTHER_CPLUSPLUSFLAGS = "       -DNDEBUG ";
				OTHER_LDFLAGS = (" -Wl,-search_paths_first -Wl,-headerpad_max_install_names","$(inherited)");
				OTHER_REZFLAGS = "";
				PRODUCT_NAME = app_project;
				SECTORDER_FLAGS = "";
				SYMROOT = /Users/vikramrajpurohit/Documents/Comms/Project;
				USE_HEADERMAP = NO;
				WARNING_CFLAGS = ("$(inherited)");
			};
			name = RelWithDebInfo;
		};
		5F26E4FBCE6545FD95DFD48D /* MinSizeRel */ = {
			isa = XCBuildConfiguration;
			buildSettings = {
				ARCHS = x86_64;
				COMBINE_HIDPI_IMAGES = YES;
				EXECUTABLE_PREFIX = "";
				EXECUTABLE_SUFFIX = "";
				GCC_GENERATE_DEBUGGING_SYMBOLS = NO;
				GCC_INLINES_ARE_PRIVATE_EXTERN = NO;
				GCC_OPTIMIZATION_LEVEL = s;
				GCC_PREPROCESSOR_DEFINITIONS = ("'CMAKE_INTDIR=\"$(CONFIGURATION)$(EFFECTIVE_PLATFORM_NAME)\"'","$(inherited)");
				GCC_SYMBOLS_PRIVATE_EXTERN = NO;
				INSTALL_PATH = "";
				ONLY_ACTIVE_ARCH = NO;
				OTHER_CPLUSPLUSFLAGS = "    -DNDEBUG ";
				OTHER_LDFLAGS = (" -Wl,-search_paths_first -Wl,-headerpad_max_install_names","$(inherited)");
				OTHER_REZFLAGS = "";
				PRODUCT_NAME = app_project;
				SECTORDER_FLAGS = "";
				SYMROOT = /Users/vikramrajpurohit/Documents/Comms/Project;
				USE_HEADERMAP = NO;
				WARNING_CFLAGS = ("$(inherited)");
			};
			name = MinSizeRel;
		};
		8D6D866879F844FCA20C6564 /* MinSizeRel */ = {
			isa = XCBuildConfiguration;
			buildSettings = {
				ARCHS = x86_64;
				SDKROOT = "";
				SYMROOT = /Users/vikramrajpurohit/Documents/Comms/Project/build;
			};
			name = MinSizeRel;
		};
		9440DCB765CB4B9CAAFFE369 /* MinSizeRel */ = {
			isa = XCBuildConfiguration;
			buildSettings = {
				ARCHS = x86_64;
				COMBINE_HIDPI_IMAGES = YES;
				GCC_GENERATE_DEBUGGING_SYMBOLS = YES;
				GCC_INLINES_ARE_PRIVATE_EXTERN = NO;
				GCC_OPTIMIZATION_LEVEL = 0;
				GCC_PREPROCESSOR_DEFINITIONS = ("'CMAKE_INTDIR=\"$(CONFIGURATION)$(EFFECTIVE_PLATFORM_NAME)\"'","$(inherited)");
				GCC_SYMBOLS_PRIVATE_EXTERN = NO;
				INSTALL_PATH = "";
				ONLY_ACTIVE_ARCH = NO;
				OTHER_LDFLAGS = ("","$(inherited)");
				OTHER_REZFLAGS = "";
				PRODUCT_NAME = ZERO_CHECK;
				SECTORDER_FLAGS = "";
				SYMROOT = /Users/vikramrajpurohit/Documents/Comms/Project;
				USE_HEADERMAP = NO;
				WARNING_CFLAGS = ("$(inherited)");
			};
			name = MinSizeRel;
		};
		ABD8AE647FCE429E8AA2EEE0 /* RelWithDebInfo */ = {
			isa = XCBuildConfiguration;
			buildSettings = {
				ARCHS = x86_64;
				SDKROOT = "";
				SYMROOT = /Users/vikramrajpurohit/Documents/Comms/Project/build;
			};
			name = RelWithDebInfo;
		};
		ADD3C4C22BAA4F7C983B9761 /* MinSizeRel */ = {
			isa = XCBuildConfiguration;
			buildSettings = {
				ARCHS = x86_64;
				COMBINE_HIDPI_IMAGES = YES;
				GCC_GENERATE_DEBUGGING_SYMBOLS = YES;
				GCC_INLINES_ARE_PRIVATE_EXTERN = NO;
				GCC_OPTIMIZATION_LEVEL = 0;
				GCC_PREPROCESSOR_DEFINITIONS = ("'CMAKE_INTDIR=\"$(CONFIGURATION)$(EFFECTIVE_PLATFORM_NAME)\"'","$(inherited)");
				GCC_SYMBOLS_PRIVATE_EXTERN = NO;
				INSTALL_PATH = "";
				ONLY_ACTIVE_ARCH = NO;
				OTHER_LDFLAGS = ("","$(inherited)");
				OTHER_REZFLAGS = "";
				PRODUCT_NAME = install;
				SECTORDER_FLAGS = "";
				SYMROOT = /Users/vikramrajpurohit/Documents/Comms/Project;
				USE_HEADERMAP = NO;
				WARNING_CFLAGS = ("$(inherited)");
			};
			name = MinSizeRel;
		};
		AE01C7C9029C4563981D8652 /* Debug */ = {
			isa = XCBuildConfiguration;
			buildSettings = {
				ARCHS = x86_64;
				COMBINE_HIDPI_IMAGES = YES;
				GCC_GENERATE_DEBUGGING_SYMBOLS = YES;
				GCC_INLINES_ARE_PRIVATE_EXTERN = NO;
				GCC_OPTIMIZATION_LEVEL = 0;
				GCC_PREPROCESSOR_DEFINITIONS = ("'CMAKE_INTDIR=\"$(CONFIGURATION)$(EFFECTIVE_PLATFORM_NAME)\"'","$(inherited)");
				GCC_SYMBOLS_PRIVATE_EXTERN = NO;
				INSTALL_PATH = "";
				ONLY_ACTIVE_ARCH = NO;
				OTHER_LDFLAGS = ("","$(inherited)");
				OTHER_REZFLAGS = "";
				PRODUCT_NAME = ALL_BUILD;
				SECTORDER_FLAGS = "";
				SYMROOT = /Users/vikramrajpurohit/Documents/Comms/Project;
				USE_HEADERMAP = NO;
				WARNING_CFLAGS = ("$(inherited)");
			};
			name = Debug;
		};
		AF50E134BEF04876942855B6 /* RelWithDebInfo */ = {
			isa = XCBuildConfiguration;
			buildSettings = {
				ARCHS = x86_64;
				COMBINE_HIDPI_IMAGES = YES;
				GCC_GENERATE_DEBUGGING_SYMBOLS = YES;
				GCC_INLINES_ARE_PRIVATE_EXTERN = NO;
				GCC_OPTIMIZATION_LEVEL = 0;
				GCC_PREPROCESSOR_DEFINITIONS = ("'CMAKE_INTDIR=\"$(CONFIGURATION)$(EFFECTIVE_PLATFORM_NAME)\"'","$(inherited)");
				GCC_SYMBOLS_PRIVATE_EXTERN = NO;
				INSTALL_PATH = "";
				ONLY_ACTIVE_ARCH = NO;
				OTHER_LDFLAGS = ("","$(inherited)");
				OTHER_REZFLAGS = "";
				PRODUCT_NAME = install;
				SECTORDER_FLAGS = "";
				SYMROOT = /Users/vikramrajpurohit/Documents/Comms/Project;
				USE_HEADERMAP = NO;
				WARNING_CFLAGS = ("$(inherited)");
			};
			name = RelWithDebInfo;
		};
		B1FF7AD0DDD2407886EE627E /* Debug */ = {
			isa = XCBuildConfiguration;
			buildSettings = {
				ARCHS = x86_64;
				SDKROOT = "";
				SYMROOT = /Users/vikramrajpurohit/Documents/Comms/Project/build;
			};
			name = Debug;
		};
		B764CDD1117E4C80A1FE4B9E /* RelWithDebInfo */ = {
			isa = XCBuildConfiguration;
			buildSettings = {
				ARCHS = x86_64;
				COMBINE_HIDPI_IMAGES = YES;
				GCC_GENERATE_DEBUGGING_SYMBOLS = YES;
				GCC_INLINES_ARE_PRIVATE_EXTERN = NO;
				GCC_OPTIMIZATION_LEVEL = 0;
				GCC_PREPROCESSOR_DEFINITIONS = ("'CMAKE_INTDIR=\"$(CONFIGURATION)$(EFFECTIVE_PLATFORM_NAME)\"'","$(inherited)");
				GCC_SYMBOLS_PRIVATE_EXTERN = NO;
				INSTALL_PATH = "";
				ONLY_ACTIVE_ARCH = NO;
				OTHER_LDFLAGS = ("","$(inherited)");
				OTHER_REZFLAGS = "";
				PRODUCT_NAME = ALL_BUILD;
				SECTORDER_FLAGS = "";
				SYMROOT = /Users/vikramrajpurohit/Documents/Comms/Project;
				USE_HEADERMAP = NO;
				WARNING_CFLAGS = ("$(inherited)");
			};
			name = RelWithDebInfo;
		};
		C65B3DB0A0674614A914DA6A /* Debug */ = {
			isa = XCBuildConfiguration;
			buildSettings = {
				ARCHS = x86_64;
				COMBINE_HIDPI_IMAGES = YES;
				EXECUTABLE_PREFIX = "";
				EXECUTABLE_SUFFIX = "";
				GCC_GENERATE_DEBUGGING_SYMBOLS = YES;
				GCC_INLINES_ARE_PRIVATE_EXTERN = NO;
				GCC_OPTIMIZATION_LEVEL = 0;
				GCC_PREPROCESSOR_DEFINITIONS = ("'CMAKE_INTDIR=\"$(CONFIGURATION)$(EFFECTIVE_PLATFORM_NAME)\"'","$(inherited)");
				GCC_SYMBOLS_PRIVATE_EXTERN = NO;
				INSTALL_PATH = "";
				ONLY_ACTIVE_ARCH = NO;
				OTHER_CPLUSPLUSFLAGS = "   ";
				OTHER_LDFLAGS = (" -Wl,-search_paths_first -Wl,-headerpad_max_install_names","$(inherited)");
				OTHER_REZFLAGS = "";
				PRODUCT_NAME = app_project;
				SECTORDER_FLAGS = "";
				SYMROOT = /Users/vikramrajpurohit/Documents/Comms/Project;
				USE_HEADERMAP = NO;
				WARNING_CFLAGS = ("$(inherited)");
			};
			name = Debug;
		};
		CDA9A4062B8F4FEEB2E7FFF1 /* Release */ = {
			isa = XCBuildConfiguration;
			buildSettings = {
				ARCHS = x86_64;
				COMBINE_HIDPI_IMAGES = YES;
				GCC_GENERATE_DEBUGGING_SYMBOLS = YES;
				GCC_INLINES_ARE_PRIVATE_EXTERN = NO;
				GCC_OPTIMIZATION_LEVEL = 0;
				GCC_PREPROCESSOR_DEFINITIONS = ("'CMAKE_INTDIR=\"$(CONFIGURATION)$(EFFECTIVE_PLATFORM_NAME)\"'","$(inherited)");
				GCC_SYMBOLS_PRIVATE_EXTERN = NO;
				INSTALL_PATH = "";
				ONLY_ACTIVE_ARCH = NO;
				OTHER_LDFLAGS = ("","$(inherited)");
				OTHER_REZFLAGS = "";
				PRODUCT_NAME = ZERO_CHECK;
				SECTORDER_FLAGS = "";
				SYMROOT = /Users/vikramrajpurohit/Documents/Comms/Project;
				USE_HEADERMAP = NO;
				WARNING_CFLAGS = ("$(inherited)");
			};
			name = Release;
		};
		E4023F0547524C8BB6039866 /* MinSizeRel */ = {
			isa = XCBuildConfiguration;
			buildSettings = {
				ARCHS = x86_64;
				COMBINE_HIDPI_IMAGES = YES;
				GCC_GENERATE_DEBUGGING_SYMBOLS = YES;
				GCC_INLINES_ARE_PRIVATE_EXTERN = NO;
				GCC_OPTIMIZATION_LEVEL = 0;
				GCC_PREPROCESSOR_DEFINITIONS = ("'CMAKE_INTDIR=\"$(CONFIGURATION)$(EFFECTIVE_PLATFORM_NAME)\"'","$(inherited)");
				GCC_SYMBOLS_PRIVATE_EXTERN = NO;
				INSTALL_PATH = "";
				ONLY_ACTIVE_ARCH = NO;
				OTHER_LDFLAGS = ("","$(inherited)");
				OTHER_REZFLAGS = "";
				PRODUCT_NAME = ALL_BUILD;
				SECTORDER_FLAGS = "";
				SYMROOT = /Users/vikramrajpurohit/Documents/Comms/Project;
				USE_HEADERMAP = NO;
				WARNING_CFLAGS = ("$(inherited)");
			};
			name = MinSizeRel;
		};
		F259F2B6DDC1409CBD9B529B /* Release */ = {
			isa = XCBuildConfiguration;
			buildSettings = {
				ARCHS = x86_64;
				COMBINE_HIDPI_IMAGES = YES;
				GCC_GENERATE_DEBUGGING_SYMBOLS = YES;
				GCC_INLINES_ARE_PRIVATE_EXTERN = NO;
				GCC_OPTIMIZATION_LEVEL = 0;
				GCC_PREPROCESSOR_DEFINITIONS = ("'CMAKE_INTDIR=\"$(CONFIGURATION)$(EFFECTIVE_PLATFORM_NAME)\"'","$(inherited)");
				GCC_SYMBOLS_PRIVATE_EXTERN = NO;
				INSTALL_PATH = "";
				ONLY_ACTIVE_ARCH = NO;
				OTHER_LDFLAGS = ("","$(inherited)");
				OTHER_REZFLAGS = "";
				PRODUCT_NAME = ALL_BUILD;
				SECTORDER_FLAGS = "";
				SYMROOT = /Users/vikramrajpurohit/Documents/Comms/Project;
				USE_HEADERMAP = NO;
				WARNING_CFLAGS = ("$(inherited)");
			};
			name = Release;
		};
		FB3A7C8DB8A3498AA2ED952D /* Release */ = {
			isa = XCBuildConfiguration;
			buildSettings = {
				ARCHS = x86_64;
				SDKROOT = "";
				SYMROOT = /Users/vikramrajpurohit/Documents/Comms/Project/build;
			};
			name = Release;
		};
/* End XCBuildConfiguration section */

/* Begin XCConfigurationList section */
		1279E54DEF6142DAA5FB8E88 /* Build configuration list for PBXAggregateTarget "ZERO_CHECK" */ = {
			isa = XCConfigurationList;
			buildConfigurations = (
				1AE17A9B8B354A3CAE07B416 /* Debug */,
				CDA9A4062B8F4FEEB2E7FFF1 /* Release */,
				9440DCB765CB4B9CAAFFE369 /* MinSizeRel */,
				2DADA8592E0446E2B281879D /* RelWithDebInfo */,
			);
			defaultConfigurationIsVisible = 0;
			defaultConfigurationName = Debug;
		};
		96D8EFF2FAC04C0386A2275E /* Build configuration list for PBXNativeTarget "app_project" */ = {
			isa = XCConfigurationList;
			buildConfigurations = (
				C65B3DB0A0674614A914DA6A /* Debug */,
				0D533D23D2184D8AA7789D17 /* Release */,
				5F26E4FBCE6545FD95DFD48D /* MinSizeRel */,
				4427EC82CA94463585830A25 /* RelWithDebInfo */,
			);
			defaultConfigurationIsVisible = 0;
			defaultConfigurationName = Debug;
		};
		E11BD9BE91E84C55A4E227A8 /* Build configuration list for PBXProject "app_project" */ = {
			isa = XCConfigurationList;
			buildConfigurations = (
				B1FF7AD0DDD2407886EE627E /* Debug */,
				FB3A7C8DB8A3498AA2ED952D /* Release */,
				8D6D866879F844FCA20C6564 /* MinSizeRel */,
				ABD8AE647FCE429E8AA2EEE0 /* RelWithDebInfo */,
			);
			defaultConfigurationIsVisible = 0;
			defaultConfigurationName = Debug;
		};
		EEB9D96C927E497A92DD4ADF /* Build configuration list for PBXAggregateTarget "ALL_BUILD" */ = {
			isa = XCConfigurationList;
			buildConfigurations = (
				AE01C7C9029C4563981D8652 /* Debug */,
				F259F2B6DDC1409CBD9B529B /* Release */,
				E4023F0547524C8BB6039866 /* MinSizeRel */,
				B764CDD1117E4C80A1FE4B9E /* RelWithDebInfo */,
			);
			defaultConfigurationIsVisible = 0;
			defaultConfigurationName = Debug;
		};
		F2B4C7A4B3CC48048AB6A550 /* Build configuration list for PBXAggregateTarget "install" */ = {
			isa = XCConfigurationList;
			buildConfigurations = (
				3695F5BAFFA74E83A4FD129D /* Debug */,
				2AA6E54BB9B646059735223E /* Release */,
				ADD3C4C22BAA4F7C983B9761 /* MinSizeRel */,
				AF50E134BEF04876942855B6 /* RelWithDebInfo */,
			);
			defaultConfigurationIsVisible = 0;
			defaultConfigurationName = Debug;
		};
/* End XCConfigurationList section */
	};
	rootObject = 0D09459FDE3B487595A58C4D /* Project object */;
}
